
Microsoft Visual Studio Solution File, Format Version 12.00
# Visual Studio Version 17
VisualStudioVersion = 17.11.35208.52
MinimumVisualStudioVersion = 10.0.40219.1
Project("{FAE04EC0-301F-11D3-BF4B-00C04F79EFBC}") = "JFApi2", "JFApi2.csproj", "{4765A258-E05A-4244-98D0-9A96D44CEB1E}"
EndProject
Global
	GlobalSection(SolutionConfigurationPlatforms) = preSolution
		Debug|Any CPU = Debug|Any CPU
		Release|Any CPU = Release|Any CPU
	EndGlobalSection
	GlobalSection(ProjectConfigurationPlatforms) = postSolution
		{4765A258-E05A-4244-98D0-9A96D44CEB1E}.Debug|Any CPU.ActiveCfg = Debug|Any CPU
		{4765A258-E05A-4244-98D0-9A96D44CEB1E}.Debug|Any CPU.Build.0 = Debug|Any CPU
		{4765A258-E05A-4244-98D0-9A96D44CEB1E}.Release|Any CPU.ActiveCfg = Release|Any CPU
		{4765A258-E05A-4244-98D0-9A96D44CEB1E}.Release|Any CPU.Build.0 = Release|Any CPU
	EndGlobalSection
	GlobalSection(SolutionProperties) = preSolution
		HideSolutionNode = FALSE
	EndGlobalSection
	GlobalSection(ExtensibilityGlobals) = postSolution
		SolutionGuid = {D1674F9D-14DE-4CF6-A5B0-6540DA7B917C}
	EndGlobalSection
EndGlobal
